// !$*UTF8*$!
{
	archiveVersion = 1;
	classes = {
	};
	objectVersion = 46;
	objects = {

/* Begin PBXBuildFile section */
		26335AC118FAED2100DF8B57 /* UIKit.framework in Frameworks */ = {isa = PBXBuildFile; fileRef = 26335AC018FAED2100DF8B57 /* UIKit.framework */; };
		26335AC318FAED2100DF8B57 /* Foundation.framework in Frameworks */ = {isa = PBXBuildFile; fileRef = 26335AC218FAED2100DF8B57 /* Foundation.framework */; };
		26335AC518FAED2100DF8B57 /* CoreGraphics.framework in Frameworks */ = {isa = PBXBuildFile; fileRef = 26335AC418FAED2100DF8B57 /* CoreGraphics.framework */; };
		26335ACB18FAED2100DF8B57 /* InfoPlist.strings in Resources */ = {isa = PBXBuildFile; fileRef = 26335AC918FAED2100DF8B57 /* InfoPlist.strings */; };
		26335ACD18FAED2100DF8B57 /* main.m in Sources */ = {isa = PBXBuildFile; fileRef = 26335ACC18FAED2100DF8B57 /* main.m */; };
		26335AD318FAED2100DF8B57 /* Default.png in Resources */ = {isa = PBXBuildFile; fileRef = 26335AD218FAED2100DF8B57 /* Default.png */; };
		26335AD518FAED2100DF8B57 /* Default@2x.png in Resources */ = {isa = PBXBuildFile; fileRef = 26335AD418FAED2100DF8B57 /* Default@2x.png */; };
		26335AD718FAED2100DF8B57 /* Default-568h@2x.png in Resources */ = {isa = PBXBuildFile; fileRef = 26335AD618FAED2100DF8B57 /* Default-568h@2x.png */; };
		26335ADA18FAED2200DF8B57 /* MainStoryboard.storyboard in Resources */ = {isa = PBXBuildFile; fileRef = 26335AD818FAED2200DF8B57 /* MainStoryboard.storyboard */; };
		26335ADD18FAED2200DF8B57 /* ViewController.m in Sources */ = {isa = PBXBuildFile; fileRef = 26335ADC18FAED2200DF8B57 /* ViewController.m */; };
		26335AE518FAF88800DF8B57 /* AppDelegate.m in Sources */ = {isa = PBXBuildFile; fileRef = 26335AE418FAF87600DF8B57 /* AppDelegate.m */; };
/* End PBXBuildFile section */

/* Begin PBXFileReference section */
		26335ABD18FAED2100DF8B57 /* JsonFetch.app */ = {isa = PBXFileReference; explicitFileType = wrapper.application; includeInIndex = 0; path = JsonFetch.app; sourceTree = BUILT_PRODUCTS_DIR; };
		26335AC018FAED2100DF8B57 /* UIKit.framework */ = {isa = PBXFileReference; lastKnownFileType = wrapper.framework; name = UIKit.framework; path = System/Library/Frameworks/UIKit.framework; sourceTree = SDKROOT; };
		26335AC218FAED2100DF8B57 /* Foundation.framework */ = {isa = PBXFileReference; lastKnownFileType = wrapper.framework; name = Foundation.framework; path = System/Library/Frameworks/Foundation.framework; sourceTree = SDKROOT; };
		26335AC418FAED2100DF8B57 /* CoreGraphics.framework */ = {isa = PBXFileReference; lastKnownFileType = wrapper.framework; name = CoreGraphics.framework; path = System/Library/Frameworks/CoreGraphics.framework; sourceTree = SDKROOT; };
		26335AC818FAED2100DF8B57 /* JsonFetch-Info.plist */ = {isa = PBXFileReference; lastKnownFileType = text.plist.xml; path = "JsonFetch-Info.plist"; sourceTree = "<group>"; };
		26335ACA18FAED2100DF8B57 /* en */ = {isa = PBXFileReference; lastKnownFileType = text.plist.strings; name = en; path = en.lproj/InfoPlist.strings; sourceTree = "<group>"; };
		26335ACC18FAED2100DF8B57 /* main.m */ = {isa = PBXFileReference; lastKnownFileType = sourcecode.c.objc; path = main.m; sourceTree = "<group>"; };
		26335ACE18FAED2100DF8B57 /* JsonFetch-Prefix.pch */ = {isa = PBXFileReference; lastKnownFileType = sourcecode.c.h; path = "JsonFetch-Prefix.pch"; sourceTree = "<group>"; };
		26335AD218FAED2100DF8B57 /* Default.png */ = {isa = PBXFileReference; lastKnownFileType = image.png; path = Default.png; sourceTree = "<group>"; };
		26335AD418FAED2100DF8B57 /* Default@2x.png */ = {isa = PBXFileReference; lastKnownFileType = image.png; path = "Default@2x.png"; sourceTree = "<group>"; };
		26335AD618FAED2100DF8B57 /* Default-568h@2x.png */ = {isa = PBXFileReference; lastKnownFileType = image.png; path = "Default-568h@2x.png"; sourceTree = "<group>"; };
		26335AD918FAED2200DF8B57 /* en */ = {isa = PBXFileReference; lastKnownFileType = file.storyboard; name = en; path = en.lproj/MainStoryboard.storyboard; sourceTree = "<group>"; };
		26335ADB18FAED2200DF8B57 /* ViewController.h */ = {isa = PBXFileReference; lastKnownFileType = sourcecode.c.h; path = ViewController.h; sourceTree = "<group>"; };
		26335ADC18FAED2200DF8B57 /* ViewController.m */ = {isa = PBXFileReference; lastKnownFileType = sourcecode.c.objc; path = ViewController.m; sourceTree = "<group>"; };
		26335AE318FAF87600DF8B57 /* AppDelegate.h */ = {isa = PBXFileReference; lastKnownFileType = sourcecode.c.h; path = AppDelegate.h; sourceTree = "<group>"; };
		26335AE418FAF87600DF8B57 /* AppDelegate.m */ = {isa = PBXFileReference; lastKnownFileType = sourcecode.c.objc; path = AppDelegate.m; sourceTree = "<group>"; };
/* End PBXFileReference section */

/* Begin PBXFrameworksBuildPhase section */
		26335ABA18FAED2100DF8B57 /* Frameworks */ = {
			isa = PBXFrameworksBuildPhase;
			buildActionMask = 2147483647;
			files = (
				26335AC118FAED2100DF8B57 /* UIKit.framework in Frameworks */,
				26335AC318FAED2100DF8B57 /* Foundation.framework in Frameworks */,
				26335AC518FAED2100DF8B57 /* CoreGraphics.framework in Frameworks */,
			);
			runOnlyForDeploymentPostprocessing = 0;
		};
/* End PBXFrameworksBuildPhase section */

/* Begin PBXGroup section */
		26335AB418FAED2100DF8B57 = {
			isa = PBXGroup;
			children = (
				26335AC618FAED2100DF8B57 /* JsonFetch */,
				26335ABF18FAED2100DF8B57 /* Frameworks */,
				26335ABE18FAED2100DF8B57 /* Products */,
			);
			sourceTree = "<group>";
		};
		26335ABE18FAED2100DF8B57 /* Products */ = {
			isa = PBXGroup;
			children = (
				26335ABD18FAED2100DF8B57 /* JsonFetch.app */,
			);
			name = Products;
			sourceTree = "<group>";
		};
		26335ABF18FAED2100DF8B57 /* Frameworks */ = {
			isa = PBXGroup;
			children = (
				26335AC018FAED2100DF8B57 /* UIKit.framework */,
				26335AC218FAED2100DF8B57 /* Foundation.framework */,
				26335AC418FAED2100DF8B57 /* CoreGraphics.framework */,
			);
			name = Frameworks;
			sourceTree = "<group>";
		};
		26335AC618FAED2100DF8B57 /* JsonFetch */ = {
			isa = PBXGroup;
			children = (
				26335AE318FAF87600DF8B57 /* AppDelegate.h */,
				26335AE418FAF87600DF8B57 /* AppDelegate.m */,
				26335AD818FAED2200DF8B57 /* MainStoryboard.storyboard */,
				26335ADB18FAED2200DF8B57 /* ViewController.h */,
				26335ADC18FAED2200DF8B57 /* ViewController.m */,
				26335AC718FAED2100DF8B57 /* Supporting Files */,
			);
			path = JsonFetch;
			sourceTree = "<group>";
		};
		26335AC718FAED2100DF8B57 /* Supporting Files */ = {
			isa = PBXGroup;
			children = (
				26335AC818FAED2100DF8B57 /* JsonFetch-Info.plist */,
				26335AC918FAED2100DF8B57 /* InfoPlist.strings */,
				26335ACC18FAED2100DF8B57 /* main.m */,
				26335ACE18FAED2100DF8B57 /* JsonFetch-Prefix.pch */,
				26335AD218FAED2100DF8B57 /* Default.png */,
				26335AD418FAED2100DF8B57 /* Default@2x.png */,
				26335AD618FAED2100DF8B57 /* Default-568h@2x.png */,
			);
			name = "Supporting Files";
			sourceTree = "<group>";
		};
/* End PBXGroup section */

/* Begin PBXNativeTarget section */
		26335ABC18FAED2100DF8B57 /* JsonFetch */ = {
			isa = PBXNativeTarget;
			buildConfigurationList = 26335AE018FAED2200DF8B57 /* Build configuration list for PBXNativeTarget "JsonFetch" */;
			buildPhases = (
				26335AB918FAED2100DF8B57 /* Sources */,
				26335ABA18FAED2100DF8B57 /* Frameworks */,
				26335ABB18FAED2100DF8B57 /* Resources */,
			);
			buildRules = (
			);
			dependencies = (
			);
			name = JsonFetch;
			productName = JsonFetch;
			productReference = 26335ABD18FAED2100DF8B57 /* JsonFetch.app */;
			productType = "com.apple.product-type.application";
		};
/* End PBXNativeTarget section */

/* Begin PBXProject section */
		26335AB518FAED2100DF8B57 /* Project object */ = {
			isa = PBXProject;
			attributes = {
				LastUpgradeCheck = 0460;
				ORGANIZATIONNAME = "Yuon Flemming";
			};
			buildConfigurationList = 26335AB818FAED2100DF8B57 /* Build configuration list for PBXProject "JsonFetch" */;
			compatibilityVersion = "Xcode 3.2";
			developmentRegion = English;
			hasScannedForEncodings = 0;
			knownRegions = (
				en,
			);
			mainGroup = 26335AB418FAED2100DF8B57;
			productRefGroup = 26335ABE18FAED2100DF8B57 /* Products */;
			projectDirPath = "";
			projectRoot = "";
			targets = (
				26335ABC18FAED2100DF8B57 /* JsonFetch */,
			);
		};
/* End PBXProject section */

/* Begin PBXResourcesBuildPhase section */
		26335ABB18FAED2100DF8B57 /* Resources */ = {
			isa = PBXResourcesBuildPhase;
			buildActionMask = 2147483647;
			files = (
				26335ACB18FAED2100DF8B57 /* InfoPlist.strings in Resources */,
				26335AD318FAED2100DF8B57 /* Default.png in Resources */,
				26335AD518FAED2100DF8B57 /* Default@2x.png in Resources */,
				26335AD718FAED2100DF8B57 /* Default-568h@2x.png in Resources */,
				26335ADA18FAED2200DF8B57 /* MainStoryboard.storyboard in Resources */,
			);
			runOnlyForDeploymentPostprocessing = 0;
		};
/* End PBXResourcesBuildPhase section */

/* Begin PBXSourcesBuildPhase section */
		26335AB918FAED2100DF8B57 /* Sources */ = {
			isa = PBXSourcesBuildPhase;
			buildActionMask = 2147483647;
			files = (
				26335AE518FAF88800DF8B57 /* AppDelegate.m in Sources */,
				26335ACD18FAED2100DF8B57 /* main.m in Sources */,
				26335ADD18FAED2200DF8B57 /* ViewController.m in Sources */,
			);
			runOnlyForDeploymentPostprocessing = 0;
		};
/* End PBXSourcesBuildPhase section */

/* Begin PBXVariantGroup section */
		26335AC918FAED2100DF8B57 /* InfoPlist.strings */ = {
			isa = PBXVariantGroup;
			children = (
				26335ACA18FAED2100DF8B57 /* en */,
			);
			name = InfoPlist.strings;
			sourceTree = "<group>";
		};
		26335AD818FAED2200DF8B57 /* MainStoryboard.storyboard */ = {
			isa = PBXVariantGroup;
			children = (
				26335AD918FAED2200DF8B57 /* en */,
			);
			name = MainStoryboard.storyboard;
			sourceTree = "<group>";
		};
/* End PBXVariantGroup section */

/* Begin XCBuildConfiguration section */
		26335ADE18FAED2200DF8B57 /* Debug */ = {
			isa = XCBuildConfiguration;
			buildSettings = {
				ALWAYS_SEARCH_USER_PATHS = NO;
				CLANG_CXX_LANGUAGE_STANDARD = "gnu++0x";
				CLANG_CXX_LIBRARY = "libc++";
				CLANG_ENABLE_OBJC_ARC = YES;
				CLANG_WARN_CONSTANT_CONVERSION = YES;
				CLANG_WARN_EMPTY_BODY = YES;
				CLANG_WARN_ENUM_CONVERSION = YES;
				CLANG_WARN_INT_CONVERSION = YES;
				CLANG_WARN__DUPLICATE_METHOD_MATCH = YES;
				"CODE_SIGN_IDENTITY[sdk=iphoneos*]" = "iPhone Developer";
				COPY_PHASE_STRIP = NO;
				GCC_C_LANGUAGE_STANDARD = gnu99;
				GCC_DYNAMIC_NO_PIC = NO;
				GCC_OPTIMIZATION_LEVEL = 0;
				GCC_PREPROCESSOR_DEFINITIONS = (
					"DEBUG=1",
					"$(inherited)",
				);
				GCC_SYMBOLS_PRIVATE_EXTERN = NO;
				GCC_WARN_ABOUT_RETURN_TYPE = YES;
				GCC_WARN_UNINITIALIZED_AUTOS = YES;
				GCC_WARN_UNUSED_VARIABLE = YES;
				IPHONEOS_DEPLOYMENT_TARGET = 6.1;
				ONLY_ACTIVE_ARCH = YES;
				SDKROOT = iphoneos;
			};
			name = Debug;
		};
		26335ADF18FAED2200DF8B57 /* Release */ = {
			isa = XCBuildConfiguration;
			buildSettings = {
				ALWAYS_SEARCH_USER_PATHS = NO;
				CLANG_CXX_LANGUAGE_STANDARD = "gnu++0x";
				CLANG_CXX_LIBRARY = "libc++";
				CLANG_ENABLE_OBJC_ARC = YES;
				CLANG_WARN_CONSTANT_CONVERSION = YES;
				CLANG_WARN_EMPTY_BODY = YES;
				CLANG_WARN_ENUM_CONVERSION = YES;
				CLANG_WARN_INT_CONVERSION = YES;
				CLANG_WARN__DUPLICATE_METHOD_MATCH = YES;
				"CODE_SIGN_IDENTITY[sdk=iphoneos*]" = "iPhone Developer";
				COPY_PHASE_STRIP = YES;
				GCC_C_LANGUAGE_STANDARD = gnu99;
				GCC_WARN_ABOUT_RETURN_TYPE = YES;
				GCC_WARN_UNINITIALIZED_AUTOS = YES;
				GCC_WARN_UNUSED_VARIABLE = YES;
				IPHONEOS_DEPLOYMENT_TARGET = 6.1;
				OTHER_CFLAGS = "-DNS_BLOCK_ASSERTIONS=1";
				SDKROOT = iphoneos;
				VALIDATE_PRODUCT = YES;
			};
			name = Release;
		};
		26335AE118FAED2200DF8B57 /* Debug */ = {
			isa = XCBuildConfiguration;
			buildSettings = {
				GCC_PRECOMPILE_PREFIX_HEADER = YES;
				GCC_PREFIX_HEADER = "JsonFetch/JsonFetch-Prefix.pch";
				INFOPLIST_FILE = "JsonFetch/JsonFetch-Info.plist";
				PRODUCT_NAME = "$(TARGET_NAME)";
				WRAPPER_EXTENSION = app;
			};
			name = Debug;
		};
		26335AE218FAED2200DF8B57 /* Release */ = {
			isa = XCBuildConfiguration;
			buildSettings = {
				GCC_PRECOMPILE_PREFIX_HEADER = YES;
				GCC_PREFIX_HEADER = "JsonFetch/JsonFetch-Prefix.pch";
				INFOPLIST_FILE = "JsonFetch/JsonFetch-Info.plist";
				PRODUCT_NAME = "$(TARGET_NAME)";
				WRAPPER_EXTENSION = app;
			};
			name = Release;
		};
/* End XCBuildConfiguration section */

/* Begin XCConfigurationList section */
		26335AB818FAED2100DF8B57 /* Build configuration list for PBXProject "JsonFetch" */ = {
			isa = XCConfigurationList;
			buildConfigurations = (
				26335ADE18FAED2200DF8B57 /* Debug */,
				26335ADF18FAED2200DF8B57 /* Release */,
			);
			defaultConfigurationIsVisible = 0;
			defaultConfigurationName = Release;
		};
		26335AE018FAED2200DF8B57 /* Build configuration list for PBXNativeTarget "JsonFetch" */ = {
			isa = XCConfigurationList;
			buildConfigurations = (
				26335AE118FAED2200DF8B57 /* Debug */,
				26335AE218FAED2200DF8B57 /* Release */,
			);
			defaultConfigurationIsVisible = 0;
			defaultConfigurationName = Release;
		};
/* End XCConfigurationList section */
	};
	rootObject = 26335AB518FAED2100DF8B57 /* Project object */;
}
